
Microsoft Visual Studio Solution File, Format Version 12.00
# Visual Studio Version 17
VisualStudioVersion = 17.9.34616.47
MinimumVisualStudioVersion = 10.0.40219.1
Project("{888888A0-9F3D-457C-B088-3A5042F75D52}") = "Hackathon2024", "Hackathon2024.pyproj", "{1A6B6B7B-AC00-4CDB-BF9E-243584127AC4}"
EndProject
Global
	GlobalSection(SolutionConfigurationPlatforms) = preSolution
		Debug|Any CPU = Debug|Any CPU
		Release|Any CPU = Release|Any CPU
	EndGlobalSection
	GlobalSection(ProjectConfigurationPlatforms) = postSolution
		{1A6B6B7B-AC00-4CDB-BF9E-243584127AC4}.Debug|Any CPU.ActiveCfg = Debug|Any CPU
		{1A6B6B7B-AC00-4CDB-BF9E-243584127AC4}.Release|Any CPU.ActiveCfg = Release|Any CPU
	EndGlobalSection
	GlobalSection(SolutionProperties) = preSolution
		HideSolutionNode = FALSE
	EndGlobalSection
	GlobalSection(ExtensibilityGlobals) = postSolution
		SolutionGuid = {C1F498CE-E5B0-4CD3-84C6-E62EC4A3C654}
	EndGlobalSection
EndGlobal
